// !$*UTF8*$!
{
	archiveVersion = 1;
	classes = {
	};
	objectVersion = 50;
	objects = {

/* Begin PBXBuildFile section */
		D9413CBF2114777E00C33710 /* Main.storyboard in Resources */ = {isa = PBXBuildFile; fileRef = D9413CBB2114777E00C33710 /* Main.storyboard */; };
		D9413CC02114777E00C33710 /* LaunchScreen.storyboard in Resources */ = {isa = PBXBuildFile; fileRef = D9413CBD2114777E00C33710 /* LaunchScreen.storyboard */; };
		D95D34B921144C91003C817D /* AppDelegate.swift in Sources */ = {isa = PBXBuildFile; fileRef = D95D34B821144C91003C817D /* AppDelegate.swift */; };
		D95D34BB21144C91003C817D /* ViewController.swift in Sources */ = {isa = PBXBuildFile; fileRef = D95D34BA21144C91003C817D /* ViewController.swift */; };
		D95D34C021144C92003C817D /* Assets.xcassets in Resources */ = {isa = PBXBuildFile; fileRef = D95D34BF21144C92003C817D /* Assets.xcassets */; };
/* End PBXBuildFile section */

/* Begin PBXFileReference section */
		D9413CBC2114777E00C33710 /* Base */ = {isa = PBXFileReference; lastKnownFileType = file.storyboard; name = Base; path = Base.lproj/Main.storyboard; sourceTree = "<group>"; };
		D9413CBE2114777E00C33710 /* Base */ = {isa = PBXFileReference; lastKnownFileType = file.storyboard; name = Base; path = Base.lproj/LaunchScreen.storyboard; sourceTree = "<group>"; };
		D95D34B521144C91003C817D /* rainbow.app */ = {isa = PBXFileReference; explicitFileType = wrapper.application; includeInIndex = 0; path = rainbow.app; sourceTree = BUILT_PRODUCTS_DIR; };
		D95D34B821144C91003C817D /* AppDelegate.swift */ = {isa = PBXFileReference; lastKnownFileType = sourcecode.swift; path = AppDelegate.swift; sourceTree = "<group>"; };
		D95D34BA21144C91003C817D /* ViewController.swift */ = {isa = PBXFileReference; lastKnownFileType = sourcecode.swift; path = ViewController.swift; sourceTree = "<group>"; };
		D95D34BF21144C92003C817D /* Assets.xcassets */ = {isa = PBXFileReference; lastKnownFileType = folder.assetcatalog; path = Assets.xcassets; sourceTree = "<group>"; };
		D95D34C421144C92003C817D /* Info.plist */ = {isa = PBXFileReference; lastKnownFileType = text.plist.xml; path = Info.plist; sourceTree = "<group>"; };
/* End PBXFileReference section */

/* Begin PBXFrameworksBuildPhase section */
		D95D34B221144C91003C817D /* Frameworks */ = {
			isa = PBXFrameworksBuildPhase;
			buildActionMask = 2147483647;
			files = (
			);
			runOnlyForDeploymentPostprocessing = 0;
		};
/* End PBXFrameworksBuildPhase section */

/* Begin PBXGroup section */
		D95D34AC21144C91003C817D = {
			isa = PBXGroup;
			children = (
				D95D34B721144C91003C817D /* rainbow */,
				D95D34B621144C91003C817D /* Products */,
			);
			sourceTree = "<group>";
		};
		D95D34B621144C91003C817D /* Products */ = {
			isa = PBXGroup;
			children = (
				D95D34B521144C91003C817D /* rainbow.app */,
			);
			name = Products;
			sourceTree = "<group>";
		};
		D95D34B721144C91003C817D /* rainbow */ = {
			isa = PBXGroup;
			children = (
				D95D34B821144C91003C817D /* AppDelegate.swift */,
				D95D34BA21144C91003C817D /* ViewController.swift */,
				D9413CBD2114777E00C33710 /* LaunchScreen.storyboard */,
				D9413CBB2114777E00C33710 /* Main.storyboard */,
				D95D34BF21144C92003C817D /* Assets.xcassets */,
				D95D34C421144C92003C817D /* Info.plist */,
			);
			path = rainbow;
			sourceTree = "<group>";
		};
/* End PBXGroup section */

/* Begin PBXNativeTarget section */
		D95D34B421144C91003C817D /* rainbow */ = {
			isa = PBXNativeTarget;
			buildConfigurationList = D95D34C721144C92003C817D /* Build configuration list for PBXNativeTarget "rainbow" */;
			buildPhases = (
				D95D34B121144C91003C817D /* Sources */,
				D95D34B221144C91003C817D /* Frameworks */,
				D95D34B321144C91003C817D /* Resources */,
				D95D34CA21144D9C003C817D /* ShellScript */,
			);
			buildRules = (
			);
			dependencies = (
			);
			name = rainbow;
			productName = rainbow;
			productReference = D95D34B521144C91003C817D /* rainbow.app */;
			productType = "com.apple.product-type.application";
		};
/* End PBXNativeTarget section */

/* Begin PBXProject section */
		D95D34AD21144C91003C817D /* Project object */ = {
			isa = PBXProject;
			attributes = {
				LastSwiftUpdateCheck = 0940;
				LastUpgradeCheck = 0940;
				ORGANIZATIONNAME = hwh;
				TargetAttributes = {
					D95D34B421144C91003C817D = {
						CreatedOnToolsVersion = 9.4;
					};
				};
			};
			buildConfigurationList = D95D34B021144C91003C817D /* Build configuration list for PBXProject "rainbow" */;
			compatibilityVersion = "Xcode 9.3";
			developmentRegion = en;
			hasScannedForEncodings = 0;
			knownRegions = (
				en,
				Base,
			);
			mainGroup = D95D34AC21144C91003C817D;
			productRefGroup = D95D34B621144C91003C817D /* Products */;
			projectDirPath = "";
			projectRoot = "";
			targets = (
				D95D34B421144C91003C817D /* rainbow */,
			);
		};
/* End PBXProject section */

/* Begin PBXResourcesBuildPhase section */
		D95D34B321144C91003C817D /* Resources */ = {
			isa = PBXResourcesBuildPhase;
			buildActionMask = 2147483647;
			files = (
				D9413CBF2114777E00C33710 /* Main.storyboard in Resources */,
				D9413CC02114777E00C33710 /* LaunchScreen.storyboard in Resources */,
				D95D34C021144C92003C817D /* Assets.xcassets in Resources */,
			);
			runOnlyForDeploymentPostprocessing = 0;
		};
/* End PBXResourcesBuildPhase section */

/* Begin PBXShellScriptBuildPhase section */
		D95D34CA21144D9C003C817D /* ShellScript */ = {
			isa = PBXShellScriptBuildPhase;
			buildActionMask = 2147483647;
			files = (
			);
			inputPaths = (
				"$(SRCROOT)/Carthage/Build/iOS/lwip.framework",
				"$(SRCROOT)/Carthage/Build/iOS/CocoaAsyncSocket.framework",
				"$(SRCROOT)/Carthage/Build/iOS/CocoaLumberjack.framework",
				"$(SRCROOT)/Carthage/Build/iOS/CocoaLumberjackSwift.framework",
				"$(SRCROOT)/Carthage/Build/iOS/MMDB.framework",
				"$(SRCROOT)/Carthage/Build/iOS/NEKit.framework",
				"$(SRCROOT)/Carthage/Build/iOS/Sodium.framework",
				"$(SRCROOT)/Carthage/Build/iOS/tun2socks.framework",
				"$(SRCROOT)/Carthage/Build/iOS/Yaml.framework",
				"$(SRCROOT)/Carthage/Build/iOS/Resolver.framework",
			);
			outputPaths = (
			);
			runOnlyForDeploymentPostprocessing = 0;
			shellPath = /bin/sh;
			shellScript = "/usr/local/bin/carthage copy-frameworks";
		};
/* End PBXShellScriptBuildPhase section */

/* Begin PBXSourcesBuildPhase section */
		D95D34B121144C91003C817D /* Sources */ = {
			isa = PBXSourcesBuildPhase;
			buildActionMask = 2147483647;
			files = (
				D95D34BB21144C91003C817D /* ViewController.swift in Sources */,
				D95D34B921144C91003C817D /* AppDelegate.swift in Sources */,
			);
			runOnlyForDeploymentPostprocessing = 0;
		};
/* End PBXSourcesBuildPhase section */

/* Begin PBXVariantGroup section */
		D9413CBB2114777E00C33710 /* Main.storyboard */ = {
			isa = PBXVariantGroup;
			children = (
				D9413CBC2114777E00C33710 /* Base */,
			);
			name = Main.storyboard;
			sourceTree = "<group>";
		};
		D9413CBD2114777E00C33710 /* LaunchScreen.storyboard */ = {
			isa = PBXVariantGroup;
			children = (
				D9413CBE2114777E00C33710 /* Base */,
			);
			name = LaunchScreen.storyboard;
			sourceTree = "<group>";
		};
/* End PBXVariantGroup section */

/* Begin XCBuildConfiguration section */
		D95D34C521144C92003C817D /* Debug */ = {
			isa = XCBuildConfiguration;
			buildSettings = {
				ALWAYS_SEARCH_USER_PATHS = NO;
				CLANG_ANALYZER_NONNULL = YES;
				CLANG_ANALYZER_NUMBER_OBJECT_CONVERSION = YES_AGGRESSIVE;
				CLANG_CXX_LANGUAGE_STANDARD = "gnu++14";
				CLANG_CXX_LIBRARY = "libc++";
				CLANG_ENABLE_MODULES = YES;
				CLANG_ENABLE_OBJC_ARC = YES;
				CLANG_ENABLE_OBJC_WEAK = YES;
				CLANG_WARN_BLOCK_CAPTURE_AUTORELEASING = YES;
				CLANG_WARN_BOOL_CONVERSION = YES;
				CLANG_WARN_COMMA = YES;
				CLANG_WARN_CONSTANT_CONVERSION = YES;
				CLANG_WARN_DEPRECATED_OBJC_IMPLEMENTATIONS = YES;
				CLANG_WARN_DIRECT_OBJC_ISA_USAGE = YES_ERROR;
				CLANG_WARN_DOCUMENTATION_COMMENTS = YES;
				CLANG_WARN_EMPTY_BODY = YES;
				CLANG_WARN_ENUM_CONVERSION = YES;
				CLANG_WARN_INFINITE_RECURSION = YES;
				CLANG_WARN_INT_CONVERSION = YES;
				CLANG_WARN_NON_LITERAL_NULL_CONVERSION = YES;
				CLANG_WARN_OBJC_IMPLICIT_RETAIN_SELF = YES;
				CLANG_WARN_OBJC_LITERAL_CONVERSION = YES;
				CLANG_WARN_OBJC_ROOT_CLASS = YES_ERROR;
				CLANG_WARN_RANGE_LOOP_ANALYSIS = YES;
				CLANG_WARN_STRICT_PROTOTYPES = YES;
				CLANG_WARN_SUSPICIOUS_MOVE = YES;
				CLANG_WARN_UNGUARDED_AVAILABILITY = YES_AGGRESSIVE;
				CLANG_WARN_UNREACHABLE_CODE = YES;
				CLANG_WARN__DUPLICATE_METHOD_MATCH = YES;
				CODE_SIGN_IDENTITY = "iPhone Developer";
				COPY_PHASE_STRIP = NO;
				DEBUG_INFORMATION_FORMAT = dwarf;
				ENABLE_STRICT_OBJC_MSGSEND = YES;
				ENABLE_TESTABILITY = YES;
				GCC_C_LANGUAGE_STANDARD = gnu11;
				GCC_DYNAMIC_NO_PIC = NO;
				GCC_NO_COMMON_BLOCKS = YES;
				GCC_OPTIMIZATION_LEVEL = 0;
				GCC_PREPROCESSOR_DEFINITIONS = (
					"DEBUG=1",
					"$(inherited)",
				);
				GCC_WARN_64_TO_32_BIT_CONVERSION = YES;
				GCC_WARN_ABOUT_RETURN_TYPE = YES_ERROR;
				GCC_WARN_UNDECLARED_SELECTOR = YES;
				GCC_WARN_UNINITIALIZED_AUTOS = YES_AGGRESSIVE;
				GCC_WARN_UNUSED_FUNCTION = YES;
				GCC_WARN_UNUSED_VARIABLE = YES;
				IPHONEOS_DEPLOYMENT_TARGET = 11.4;
				MTL_ENABLE_DEBUG_INFO = YES;
				ONLY_ACTIVE_ARCH = YES;
				SDKROOT = iphoneos;
				SWIFT_ACTIVE_COMPILATION_CONDITIONS = DEBUG;
				SWIFT_OPTIMIZATION_LEVEL = "-Onone";
			};
			name = Debug;
		};
		D95D34C621144C92003C817D /* Release */ = {
			isa = XCBuildConfiguration;
			buildSettings = {
				ALWAYS_SEARCH_USER_PATHS = NO;
				CLANG_ANALYZER_NONNULL = YES;
				CLANG_ANALYZER_NUMBER_OBJECT_CONVERSION = YES_AGGRESSIVE;
				CLANG_CXX_LANGUAGE_STANDARD = "gnu++14";
				CLANG_CXX_LIBRARY = "libc++";
				CLANG_ENABLE_MODULES = YES;
				CLANG_ENABLE_OBJC_ARC = YES;
				CLANG_ENABLE_OBJC_WEAK = YES;
				CLANG_WARN_BLOCK_CAPTURE_AUTORELEASING = YES;
				CLANG_WARN_BOOL_CONVERSION = YES;
				CLANG_WARN_COMMA = YES;
				CLANG_WARN_CONSTANT_CONVERSION = YES;
				CLANG_WARN_DEPRECATED_OBJC_IMPLEMENTATIONS = YES;
				CLANG_WARN_DIRECT_OBJC_ISA_USAGE = YES_ERROR;
				CLANG_WARN_DOCUMENTATION_COMMENTS = YES;
				CLANG_WARN_EMPTY_BODY = YES;
				CLANG_WARN_ENUM_CONVERSION = YES;
				CLANG_WARN_INFINITE_RECURSION = YES;
				CLANG_WARN_INT_CONVERSION = YES;
				CLANG_WARN_NON_LITERAL_NULL_CONVERSION = YES;
				CLANG_WARN_OBJC_IMPLICIT_RETAIN_SELF = YES;
				CLANG_WARN_OBJC_LITERAL_CONVERSION = YES;
				CLANG_WARN_OBJC_ROOT_CLASS = YES_ERROR;
				CLANG_WARN_RANGE_LOOP_ANALYSIS = YES;
				CLANG_WARN_STRICT_PROTOTYPES = YES;
				CLANG_WARN_SUSPICIOUS_MOVE = YES;
				CLANG_WARN_UNGUARDED_AVAILABILITY = YES_AGGRESSIVE;
				CLANG_WARN_UNREACHABLE_CODE = YES;
				CLANG_WARN__DUPLICATE_METHOD_MATCH = YES;
				CODE_SIGN_IDENTITY = "iPhone Developer";
				COPY_PHASE_STRIP = NO;
				DEBUG_INFORMATION_FORMAT = "dwarf-with-dsym";
				ENABLE_NS_ASSERTIONS = NO;
				ENABLE_STRICT_OBJC_MSGSEND = YES;
				GCC_C_LANGUAGE_STANDARD = gnu11;
				GCC_NO_COMMON_BLOCKS = YES;
				GCC_WARN_64_TO_32_BIT_CONVERSION = YES;
				GCC_WARN_ABOUT_RETURN_TYPE = YES_ERROR;
				GCC_WARN_UNDECLARED_SELECTOR = YES;
				GCC_WARN_UNINITIALIZED_AUTOS = YES_AGGRESSIVE;
				GCC_WARN_UNUSED_FUNCTION = YES;
				GCC_WARN_UNUSED_VARIABLE = YES;
				IPHONEOS_DEPLOYMENT_TARGET = 11.4;
				MTL_ENABLE_DEBUG_INFO = NO;
				SDKROOT = iphoneos;
				SWIFT_COMPILATION_MODE = wholemodule;
				SWIFT_OPTIMIZATION_LEVEL = "-O";
				VALIDATE_PRODUCT = YES;
			};
			name = Release;
		};
		D95D34C821144C92003C817D /* Debug */ = {
			isa = XCBuildConfiguration;
			buildSettings = {
				ASSETCATALOG_COMPILER_APPICON_NAME = AppIcon;
				CODE_SIGN_STYLE = Automatic;
				FRAMEWORK_SEARCH_PATHS = (
					"$(inherited)",
					"$(PROJECT_DIR)/Carthage/Build/iOS",
				);
				INFOPLIST_FILE = rainbow/Info.plist;
				LD_RUNPATH_SEARCH_PATHS = (
					"$(inherited)",
					"@executable_path/Frameworks",
				);
				PRODUCT_BUNDLE_IDENTIFIER = "com.alibaba-inc.literature.rainbow";
				PRODUCT_NAME = "$(TARGET_NAME)";
				SWIFT_VERSION = 4.0;
				TARGETED_DEVICE_FAMILY = "1,2";
			};
			name = Debug;
		};
		D95D34C921144C92003C817D /* Release */ = {
			isa = XCBuildConfiguration;
			buildSettings = {
				ASSETCATALOG_COMPILER_APPICON_NAME = AppIcon;
				CODE_SIGN_STYLE = Automatic;
				FRAMEWORK_SEARCH_PATHS = (
					"$(inherited)",
					"$(PROJECT_DIR)/Carthage/Build/iOS",
				);
				INFOPLIST_FILE = rainbow/Info.plist;
				LD_RUNPATH_SEARCH_PATHS = (
					"$(inherited)",
					"@executable_path/Frameworks",
				);
				PRODUCT_BUNDLE_IDENTIFIER = "com.alibaba-inc.literature.rainbow";
				PRODUCT_NAME = "$(TARGET_NAME)";
				SWIFT_VERSION = 4.0;
				TARGETED_DEVICE_FAMILY = "1,2";
			};
			name = Release;
		};
/* End XCBuildConfiguration section */

/* Begin XCConfigurationList section */
		D95D34B021144C91003C817D /* Build configuration list for PBXProject "rainbow" */ = {
			isa = XCConfigurationList;
			buildConfigurations = (
				D95D34C521144C92003C817D /* Debug */,
				D95D34C621144C92003C817D /* Release */,
			);
			defaultConfigurationIsVisible = 0;
			defaultConfigurationName = Release;
		};
		D95D34C721144C92003C817D /* Build configuration list for PBXNativeTarget "rainbow" */ = {
			isa = XCConfigurationList;
			buildConfigurations = (
				D95D34C821144C92003C817D /* Debug */,
				D95D34C921144C92003C817D /* Release */,
			);
			defaultConfigurationIsVisible = 0;
			defaultConfigurationName = Release;
		};
/* End XCConfigurationList section */
	};
	rootObject = D95D34AD21144C91003C817D /* Project object */;
}
